// !$*UTF8*$!
{
	archiveVersion = 1;
	classes = {
	};
	objectVersion = 50;
	objects = {

/* Begin PBXBuildFile section */
		DBDE5FA825410C0D002B3442 /* AppDelegate.swift in Sources */ = {isa = PBXBuildFile; fileRef = DBDE5FA725410C0D002B3442 /* AppDelegate.swift */; };
		DBDE5FAA25410C0D002B3442 /* SceneDelegate.swift in Sources */ = {isa = PBXBuildFile; fileRef = DBDE5FA925410C0D002B3442 /* SceneDelegate.swift */; };
		DBDE5FAC25410C0D002B3442 /* ViewController.swift in Sources */ = {isa = PBXBuildFile; fileRef = DBDE5FAB25410C0D002B3442 /* ViewController.swift */; };
		DBDE5FAF25410C0D002B3442 /* Main.storyboard in Resources */ = {isa = PBXBuildFile; fileRef = DBDE5FAD25410C0D002B3442 /* Main.storyboard */; };
		DBDE5FB125410C10002B3442 /* Assets.xcassets in Resources */ = {isa = PBXBuildFile; fileRef = DBDE5FB025410C10002B3442 /* Assets.xcassets */; };
		DBDE5FB425410C10002B3442 /* LaunchScreen.storyboard in Resources */ = {isa = PBXBuildFile; fileRef = DBDE5FB225410C10002B3442 /* LaunchScreen.storyboard */; };
		DBDE5FBF25410C10002B3442 /* ParstagramTests.swift in Sources */ = {isa = PBXBuildFile; fileRef = DBDE5FBE25410C10002B3442 /* ParstagramTests.swift */; };
		DBDE5FCA25410C10002B3442 /* ParstagramUITests.swift in Sources */ = {isa = PBXBuildFile; fileRef = DBDE5FC925410C10002B3442 /* ParstagramUITests.swift */; };
/* End PBXBuildFile section */

/* Begin PBXContainerItemProxy section */
		DBDE5FBB25410C10002B3442 /* PBXContainerItemProxy */ = {
			isa = PBXContainerItemProxy;
			containerPortal = DBDE5F9C25410C0D002B3442 /* Project object */;
			proxyType = 1;
			remoteGlobalIDString = DBDE5FA325410C0D002B3442;
			remoteInfo = Parstagram;
		};
		DBDE5FC625410C10002B3442 /* PBXContainerItemProxy */ = {
			isa = PBXContainerItemProxy;
			containerPortal = DBDE5F9C25410C0D002B3442 /* Project object */;
			proxyType = 1;
			remoteGlobalIDString = DBDE5FA325410C0D002B3442;
			remoteInfo = Parstagram;
		};
/* End PBXContainerItemProxy section */

/* Begin PBXFileReference section */
		DBDE5FA425410C0D002B3442 /* Parstagram.app */ = {isa = PBXFileReference; explicitFileType = wrapper.application; includeInIndex = 0; path = Parstagram.app; sourceTree = BUILT_PRODUCTS_DIR; };
		DBDE5FA725410C0D002B3442 /* AppDelegate.swift */ = {isa = PBXFileReference; lastKnownFileType = sourcecode.swift; path = AppDelegate.swift; sourceTree = "<group>"; };
		DBDE5FA925410C0D002B3442 /* SceneDelegate.swift */ = {isa = PBXFileReference; lastKnownFileType = sourcecode.swift; path = SceneDelegate.swift; sourceTree = "<group>"; };
		DBDE5FAB25410C0D002B3442 /* ViewController.swift */ = {isa = PBXFileReference; lastKnownFileType = sourcecode.swift; path = ViewController.swift; sourceTree = "<group>"; };
		DBDE5FAE25410C0D002B3442 /* Base */ = {isa = PBXFileReference; lastKnownFileType = file.storyboard; name = Base; path = Base.lproj/Main.storyboard; sourceTree = "<group>"; };
		DBDE5FB025410C10002B3442 /* Assets.xcassets */ = {isa = PBXFileReference; lastKnownFileType = folder.assetcatalog; path = Assets.xcassets; sourceTree = "<group>"; };
		DBDE5FB325410C10002B3442 /* Base */ = {isa = PBXFileReference; lastKnownFileType = file.storyboard; name = Base; path = Base.lproj/LaunchScreen.storyboard; sourceTree = "<group>"; };
		DBDE5FB525410C10002B3442 /* Info.plist */ = {isa = PBXFileReference; lastKnownFileType = text.plist.xml; path = Info.plist; sourceTree = "<group>"; };
		DBDE5FBA25410C10002B3442 /* ParstagramTests.xctest */ = {isa = PBXFileReference; explicitFileType = wrapper.cfbundle; includeInIndex = 0; path = ParstagramTests.xctest; sourceTree = BUILT_PRODUCTS_DIR; };
		DBDE5FBE25410C10002B3442 /* ParstagramTests.swift */ = {isa = PBXFileReference; lastKnownFileType = sourcecode.swift; path = ParstagramTests.swift; sourceTree = "<group>"; };
		DBDE5FC025410C10002B3442 /* Info.plist */ = {isa = PBXFileReference; lastKnownFileType = text.plist.xml; path = Info.plist; sourceTree = "<group>"; };
		DBDE5FC525410C10002B3442 /* ParstagramUITests.xctest */ = {isa = PBXFileReference; explicitFileType = wrapper.cfbundle; includeInIndex = 0; path = ParstagramUITests.xctest; sourceTree = BUILT_PRODUCTS_DIR; };
		DBDE5FC925410C10002B3442 /* ParstagramUITests.swift */ = {isa = PBXFileReference; lastKnownFileType = sourcecode.swift; path = ParstagramUITests.swift; sourceTree = "<group>"; };
		DBDE5FCB25410C10002B3442 /* Info.plist */ = {isa = PBXFileReference; lastKnownFileType = text.plist.xml; path = Info.plist; sourceTree = "<group>"; };
/* End PBXFileReference section */

/* Begin PBXFrameworksBuildPhase section */
		DBDE5FA125410C0D002B3442 /* Frameworks */ = {
			isa = PBXFrameworksBuildPhase;
			buildActionMask = 2147483647;
			files = (
			);
			runOnlyForDeploymentPostprocessing = 0;
		};
		DBDE5FB725410C10002B3442 /* Frameworks */ = {
			isa = PBXFrameworksBuildPhase;
			buildActionMask = 2147483647;
			files = (
			);
			runOnlyForDeploymentPostprocessing = 0;
		};
		DBDE5FC225410C10002B3442 /* Frameworks */ = {
			isa = PBXFrameworksBuildPhase;
			buildActionMask = 2147483647;
			files = (
			);
			runOnlyForDeploymentPostprocessing = 0;
		};
/* End PBXFrameworksBuildPhase section */

/* Begin PBXGroup section */
		DBDE5F9B25410C0D002B3442 = {
			isa = PBXGroup;
			children = (
				DBDE5FA625410C0D002B3442 /* Parstagram */,
				DBDE5FBD25410C10002B3442 /* ParstagramTests */,
				DBDE5FC825410C10002B3442 /* ParstagramUITests */,
				DBDE5FA525410C0D002B3442 /* Products */,
			);
			sourceTree = "<group>";
		};
		DBDE5FA525410C0D002B3442 /* Products */ = {
			isa = PBXGroup;
			children = (
				DBDE5FA425410C0D002B3442 /* Parstagram.app */,
				DBDE5FBA25410C10002B3442 /* ParstagramTests.xctest */,
				DBDE5FC525410C10002B3442 /* ParstagramUITests.xctest */,
			);
			name = Products;
			sourceTree = "<group>";
		};
		DBDE5FA625410C0D002B3442 /* Parstagram */ = {
			isa = PBXGroup;
			children = (
				DBDE5FA725410C0D002B3442 /* AppDelegate.swift */,
				DBDE5FA925410C0D002B3442 /* SceneDelegate.swift */,
				DBDE5FAB25410C0D002B3442 /* ViewController.swift */,
				DBDE5FAD25410C0D002B3442 /* Main.storyboard */,
				DBDE5FB025410C10002B3442 /* Assets.xcassets */,
				DBDE5FB225410C10002B3442 /* LaunchScreen.storyboard */,
				DBDE5FB525410C10002B3442 /* Info.plist */,
			);
			path = Parstagram;
			sourceTree = "<group>";
		};
		DBDE5FBD25410C10002B3442 /* ParstagramTests */ = {
			isa = PBXGroup;
			children = (
				DBDE5FBE25410C10002B3442 /* ParstagramTests.swift */,
				DBDE5FC025410C10002B3442 /* Info.plist */,
			);
			path = ParstagramTests;
			sourceTree = "<group>";
		};
		DBDE5FC825410C10002B3442 /* ParstagramUITests */ = {
			isa = PBXGroup;
			children = (
				DBDE5FC925410C10002B3442 /* ParstagramUITests.swift */,
				DBDE5FCB25410C10002B3442 /* Info.plist */,
			);
			path = ParstagramUITests;
			sourceTree = "<group>";
		};
/* End PBXGroup section */

/* Begin PBXNativeTarget section */
		DBDE5FA325410C0D002B3442 /* Parstagram */ = {
			isa = PBXNativeTarget;
			buildConfigurationList = DBDE5FCE25410C10002B3442 /* Build configuration list for PBXNativeTarget "Parstagram" */;
			buildPhases = (
				DBDE5FA025410C0D002B3442 /* Sources */,
				DBDE5FA125410C0D002B3442 /* Frameworks */,
				DBDE5FA225410C0D002B3442 /* Resources */,
			);
			buildRules = (
			);
			dependencies = (
			);
			name = Parstagram;
			productName = Parstagram;
			productReference = DBDE5FA425410C0D002B3442 /* Parstagram.app */;
			productType = "com.apple.product-type.application";
		};
		DBDE5FB925410C10002B3442 /* ParstagramTests */ = {
			isa = PBXNativeTarget;
			buildConfigurationList = DBDE5FD125410C10002B3442 /* Build configuration list for PBXNativeTarget "ParstagramTests" */;
			buildPhases = (
				DBDE5FB625410C10002B3442 /* Sources */,
				DBDE5FB725410C10002B3442 /* Frameworks */,
				DBDE5FB825410C10002B3442 /* Resources */,
			);
			buildRules = (
			);
			dependencies = (
				DBDE5FBC25410C10002B3442 /* PBXTargetDependency */,
			);
			name = ParstagramTests;
			productName = ParstagramTests;
			productReference = DBDE5FBA25410C10002B3442 /* ParstagramTests.xctest */;
			productType = "com.apple.product-type.bundle.unit-test";
		};
		DBDE5FC425410C10002B3442 /* ParstagramUITests */ = {
			isa = PBXNativeTarget;
			buildConfigurationList = DBDE5FD425410C10002B3442 /* Build configuration list for PBXNativeTarget "ParstagramUITests" */;
			buildPhases = (
				DBDE5FC125410C10002B3442 /* Sources */,
				DBDE5FC225410C10002B3442 /* Frameworks */,
				DBDE5FC325410C10002B3442 /* Resources */,
			);
			buildRules = (
			);
			dependencies = (
				DBDE5FC725410C10002B3442 /* PBXTargetDependency */,
			);
			name = ParstagramUITests;
			productName = ParstagramUITests;
			productReference = DBDE5FC525410C10002B3442 /* ParstagramUITests.xctest */;
			productType = "com.apple.product-type.bundle.ui-testing";
		};
/* End PBXNativeTarget section */

/* Begin PBXProject section */
		DBDE5F9C25410C0D002B3442 /* Project object */ = {
			isa = PBXProject;
			attributes = {
				LastSwiftUpdateCheck = 1200;
				LastUpgradeCheck = 1200;
				TargetAttributes = {
					DBDE5FA325410C0D002B3442 = {
						CreatedOnToolsVersion = 12.0.1;
					};
					DBDE5FB925410C10002B3442 = {
						CreatedOnToolsVersion = 12.0.1;
						TestTargetID = DBDE5FA325410C0D002B3442;
					};
					DBDE5FC425410C10002B3442 = {
						CreatedOnToolsVersion = 12.0.1;
						TestTargetID = DBDE5FA325410C0D002B3442;
					};
				};
			};
			buildConfigurationList = DBDE5F9F25410C0D002B3442 /* Build configuration list for PBXProject "Parstagram" */;
			compatibilityVersion = "Xcode 9.3";
			developmentRegion = en;
			hasScannedForEncodings = 0;
			knownRegions = (
				en,
				Base,
			);
			mainGroup = DBDE5F9B25410C0D002B3442;
			productRefGroup = DBDE5FA525410C0D002B3442 /* Products */;
			projectDirPath = "";
			projectRoot = "";
			targets = (
				DBDE5FA325410C0D002B3442 /* Parstagram */,
				DBDE5FB925410C10002B3442 /* ParstagramTests */,
				DBDE5FC425410C10002B3442 /* ParstagramUITests */,
			);
		};
/* End PBXProject section */

/* Begin PBXResourcesBuildPhase section */
		DBDE5FA225410C0D002B3442 /* Resources */ = {
			isa = PBXResourcesBuildPhase;
			buildActionMask = 2147483647;
			files = (
				DBDE5FB425410C10002B3442 /* LaunchScreen.storyboard in Resources */,
				DBDE5FB125410C10002B3442 /* Assets.xcassets in Resources */,
				DBDE5FAF25410C0D002B3442 /* Main.storyboard in Resources */,
			);
			runOnlyForDeploymentPostprocessing = 0;
		};
		DBDE5FB825410C10002B3442 /* Resources */ = {
			isa = PBXResourcesBuildPhase;
			buildActionMask = 2147483647;
			files = (
			);
			runOnlyForDeploymentPostprocessing = 0;
		};
		DBDE5FC325410C10002B3442 /* Resources */ = {
			isa = PBXResourcesBuildPhase;
			buildActionMask = 2147483647;
			files = (
			);
			runOnlyForDeploymentPostprocessing = 0;
		};
/* End PBXResourcesBuildPhase section */

/* Begin PBXSourcesBuildPhase section */
		DBDE5FA025410C0D002B3442 /* Sources */ = {
			isa = PBXSourcesBuildPhase;
			buildActionMask = 2147483647;
			files = (
				DBDE5FAC25410C0D002B3442 /* ViewController.swift in Sources */,
				DBDE5FA825410C0D002B3442 /* AppDelegate.swift in Sources */,
				DBDE5FAA25410C0D002B3442 /* SceneDelegate.swift in Sources */,
			);
			runOnlyForDeploymentPostprocessing = 0;
		};
		DBDE5FB625410C10002B3442 /* Sources */ = {
			isa = PBXSourcesBuildPhase;
			buildActionMask = 2147483647;
			files = (
				DBDE5FBF25410C10002B3442 /* ParstagramTests.swift in Sources */,
			);
			runOnlyForDeploymentPostprocessing = 0;
		};
		DBDE5FC125410C10002B3442 /* Sources */ = {
			isa = PBXSourcesBuildPhase;
			buildActionMask = 2147483647;
			files = (
				DBDE5FCA25410C10002B3442 /* ParstagramUITests.swift in Sources */,
			);
			runOnlyForDeploymentPostprocessing = 0;
		};
/* End PBXSourcesBuildPhase section */

/* Begin PBXTargetDependency section */
		DBDE5FBC25410C10002B3442 /* PBXTargetDependency */ = {
			isa = PBXTargetDependency;
			target = DBDE5FA325410C0D002B3442 /* Parstagram */;
			targetProxy = DBDE5FBB25410C10002B3442 /* PBXContainerItemProxy */;
		};
		DBDE5FC725410C10002B3442 /* PBXTargetDependency */ = {
			isa = PBXTargetDependency;
			target = DBDE5FA325410C0D002B3442 /* Parstagram */;
			targetProxy = DBDE5FC625410C10002B3442 /* PBXContainerItemProxy */;
		};
/* End PBXTargetDependency section */

/* Begin PBXVariantGroup section */
		DBDE5FAD25410C0D002B3442 /* Main.storyboard */ = {
			isa = PBXVariantGroup;
			children = (
				DBDE5FAE25410C0D002B3442 /* Base */,
			);
			name = Main.storyboard;
			sourceTree = "<group>";
		};
		DBDE5FB225410C10002B3442 /* LaunchScreen.storyboard */ = {
			isa = PBXVariantGroup;
			children = (
				DBDE5FB325410C10002B3442 /* Base */,
			);
			name = LaunchScreen.storyboard;
			sourceTree = "<group>";
		};
/* End PBXVariantGroup section */

/* Begin XCBuildConfiguration section */
		DBDE5FCC25410C10002B3442 /* Debug */ = {
			isa = XCBuildConfiguration;
			buildSettings = {
				ALWAYS_SEARCH_USER_PATHS = NO;
				CLANG_ANALYZER_NONNULL = YES;
				CLANG_ANALYZER_NUMBER_OBJECT_CONVERSION = YES_AGGRESSIVE;
				CLANG_CXX_LANGUAGE_STANDARD = "gnu++14";
				CLANG_CXX_LIBRARY = "libc++";
				CLANG_ENABLE_MODULES = YES;
				CLANG_ENABLE_OBJC_ARC = YES;
				CLANG_ENABLE_OBJC_WEAK = YES;
				CLANG_WARN_BLOCK_CAPTURE_AUTORELEASING = YES;
				CLANG_WARN_BOOL_CONVERSION = YES;
				CLANG_WARN_COMMA = YES;
				CLANG_WARN_CONSTANT_CONVERSION = YES;
				CLANG_WARN_DEPRECATED_OBJC_IMPLEMENTATIONS = YES;
				CLANG_WARN_DIRECT_OBJC_ISA_USAGE = YES_ERROR;
				CLANG_WARN_DOCUMENTATION_COMMENTS = YES;
				CLANG_WARN_EMPTY_BODY = YES;
				CLANG_WARN_ENUM_CONVERSION = YES;
				CLANG_WARN_INFINITE_RECURSION = YES;
				CLANG_WARN_INT_CONVERSION = YES;
				CLANG_WARN_NON_LITERAL_NULL_CONVERSION = YES;
				CLANG_WARN_OBJC_IMPLICIT_RETAIN_SELF = YES;
				CLANG_WARN_OBJC_LITERAL_CONVERSION = YES;
				CLANG_WARN_OBJC_ROOT_CLASS = YES_ERROR;
				CLANG_WARN_QUOTED_INCLUDE_IN_FRAMEWORK_HEADER = YES;
				CLANG_WARN_RANGE_LOOP_ANALYSIS = YES;
				CLANG_WARN_STRICT_PROTOTYPES = YES;
				CLANG_WARN_SUSPICIOUS_MOVE = YES;
				CLANG_WARN_UNGUARDED_AVAILABILITY = YES_AGGRESSIVE;
				CLANG_WARN_UNREACHABLE_CODE = YES;
				CLANG_WARN__DUPLICATE_METHOD_MATCH = YES;
				COPY_PHASE_STRIP = NO;
				DEBUG_INFORMATION_FORMAT = dwarf;
				ENABLE_STRICT_OBJC_MSGSEND = YES;
				ENABLE_TESTABILITY = YES;
				GCC_C_LANGUAGE_STANDARD = gnu11;
				GCC_DYNAMIC_NO_PIC = NO;
				GCC_NO_COMMON_BLOCKS = YES;
				GCC_OPTIMIZATION_LEVEL = 0;
				GCC_PREPROCESSOR_DEFINITIONS = (
					"DEBUG=1",
					"$(inherited)",
				);
				GCC_WARN_64_TO_32_BIT_CONVERSION = YES;
				GCC_WARN_ABOUT_RETURN_TYPE = YES_ERROR;
				GCC_WARN_UNDECLARED_SELECTOR = YES;
				GCC_WARN_UNINITIALIZED_AUTOS = YES_AGGRESSIVE;
				GCC_WARN_UNUSED_FUNCTION = YES;
				GCC_WARN_UNUSED_VARIABLE = YES;
				IPHONEOS_DEPLOYMENT_TARGET = 14.0;
				MTL_ENABLE_DEBUG_INFO = INCLUDE_SOURCE;
				MTL_FAST_MATH = YES;
				ONLY_ACTIVE_ARCH = YES;
				SDKROOT = iphoneos;
				SWIFT_ACTIVE_COMPILATION_CONDITIONS = DEBUG;
				SWIFT_OPTIMIZATION_LEVEL = "-Onone";
			};
			name = Debug;
		};
		DBDE5FCD25410C10002B3442 /* Release */ = {
			isa = XCBuildConfiguration;
			buildSettings = {
				ALWAYS_SEARCH_USER_PATHS = NO;
				CLANG_ANALYZER_NONNULL = YES;
				CLANG_ANALYZER_NUMBER_OBJECT_CONVERSION = YES_AGGRESSIVE;
				CLANG_CXX_LANGUAGE_STANDARD = "gnu++14";
				CLANG_CXX_LIBRARY = "libc++";
				CLANG_ENABLE_MODULES = YES;
				CLANG_ENABLE_OBJC_ARC = YES;
				CLANG_ENABLE_OBJC_WEAK = YES;
				CLANG_WARN_BLOCK_CAPTURE_AUTORELEASING = YES;
				CLANG_WARN_BOOL_CONVERSION = YES;
				CLANG_WARN_COMMA = YES;
				CLANG_WARN_CONSTANT_CONVERSION = YES;
				CLANG_WARN_DEPRECATED_OBJC_IMPLEMENTATIONS = YES;
				CLANG_WARN_DIRECT_OBJC_ISA_USAGE = YES_ERROR;
				CLANG_WARN_DOCUMENTATION_COMMENTS = YES;
				CLANG_WARN_EMPTY_BODY = YES;
				CLANG_WARN_ENUM_CONVERSION = YES;
				CLANG_WARN_INFINITE_RECURSION = YES;
				CLANG_WARN_INT_CONVERSION = YES;
				CLANG_WARN_NON_LITERAL_NULL_CONVERSION = YES;
				CLANG_WARN_OBJC_IMPLICIT_RETAIN_SELF = YES;
				CLANG_WARN_OBJC_LITERAL_CONVERSION = YES;
				CLANG_WARN_OBJC_ROOT_CLASS = YES_ERROR;
				CLANG_WARN_QUOTED_INCLUDE_IN_FRAMEWORK_HEADER = YES;
				CLANG_WARN_RANGE_LOOP_ANALYSIS = YES;
				CLANG_WARN_STRICT_PROTOTYPES = YES;
				CLANG_WARN_SUSPICIOUS_MOVE = YES;
				CLANG_WARN_UNGUARDED_AVAILABILITY = YES_AGGRESSIVE;
				CLANG_WARN_UNREACHABLE_CODE = YES;
				CLANG_WARN__DUPLICATE_METHOD_MATCH = YES;
				COPY_PHASE_STRIP = NO;
				DEBUG_INFORMATION_FORMAT = "dwarf-with-dsym";
				ENABLE_NS_ASSERTIONS = NO;
				ENABLE_STRICT_OBJC_MSGSEND = YES;
				GCC_C_LANGUAGE_STANDARD = gnu11;
				GCC_NO_COMMON_BLOCKS = YES;
				GCC_WARN_64_TO_32_BIT_CONVERSION = YES;
				GCC_WARN_ABOUT_RETURN_TYPE = YES_ERROR;
				GCC_WARN_UNDECLARED_SELECTOR = YES;
				GCC_WARN_UNINITIALIZED_AUTOS = YES_AGGRESSIVE;
				GCC_WARN_UNUSED_FUNCTION = YES;
				GCC_WARN_UNUSED_VARIABLE = YES;
				IPHONEOS_DEPLOYMENT_TARGET = 14.0;
				MTL_ENABLE_DEBUG_INFO = NO;
				MTL_FAST_MATH = YES;
				SDKROOT = iphoneos;
				SWIFT_COMPILATION_MODE = wholemodule;
				SWIFT_OPTIMIZATION_LEVEL = "-O";
				VALIDATE_PRODUCT = YES;
			};
			name = Release;
		};
		DBDE5FCF25410C10002B3442 /* Debug */ = {
			isa = XCBuildConfiguration;
			buildSettings = {
				ASSETCATALOG_COMPILER_APPICON_NAME = AppIcon;
				ASSETCATALOG_COMPILER_GLOBAL_ACCENT_COLOR_NAME = AccentColor;
				CODE_SIGN_STYLE = Automatic;
				DEVELOPMENT_TEAM = LAM55QPQ5R;
				INFOPLIST_FILE = Parstagram/Info.plist;
				LD_RUNPATH_SEARCH_PATHS = (
					"$(inherited)",
					"@executable_path/Frameworks",
				);
				PRODUCT_BUNDLE_IDENTIFIER = com.chialin.Parstagram;
				PRODUCT_NAME = "$(TARGET_NAME)";
				SWIFT_VERSION = 5.0;
				TARGETED_DEVICE_FAMILY = "1,2";
			};
			name = Debug;
		};
		DBDE5FD025410C10002B3442 /* Release */ = {
			isa = XCBuildConfiguration;
			buildSettings = {
				ASSETCATALOG_COMPILER_APPICON_NAME = AppIcon;
				ASSETCATALOG_COMPILER_GLOBAL_ACCENT_COLOR_NAME = AccentColor;
				CODE_SIGN_STYLE = Automatic;
				DEVELOPMENT_TEAM = LAM55QPQ5R;
				INFOPLIST_FILE = Parstagram/Info.plist;
				LD_RUNPATH_SEARCH_PATHS = (
					"$(inherited)",
					"@executable_path/Frameworks",
				);
				PRODUCT_BUNDLE_IDENTIFIER = com.chialin.Parstagram;
				PRODUCT_NAME = "$(TARGET_NAME)";
				SWIFT_VERSION = 5.0;
				TARGETED_DEVICE_FAMILY = "1,2";
			};
			name = Release;
		};
		DBDE5FD225410C10002B3442 /* Debug */ = {
			isa = XCBuildConfiguration;
			buildSettings = {
				ALWAYS_EMBED_SWIFT_STANDARD_LIBRARIES = YES;
				BUNDLE_LOADER = "$(TEST_HOST)";
				CODE_SIGN_STYLE = Automatic;
				DEVELOPMENT_TEAM = LAM55QPQ5R;
				INFOPLIST_FILE = ParstagramTests/Info.plist;
				IPHONEOS_DEPLOYMENT_TARGET = 14.0;
				LD_RUNPATH_SEARCH_PATHS = (
					"$(inherited)",
					"@executable_path/Frameworks",
					"@loader_path/Frameworks",
				);
				PRODUCT_BUNDLE_IDENTIFIER = com.chialin.ParstagramTests;
				PRODUCT_NAME = "$(TARGET_NAME)";
				SWIFT_VERSION = 5.0;
				TARGETED_DEVICE_FAMILY = "1,2";
				TEST_HOST = "$(BUILT_PRODUCTS_DIR)/Parstagram.app/Parstagram";
			};
			name = Debug;
		};
		DBDE5FD325410C10002B3442 /* Release */ = {
			isa = XCBuildConfiguration;
			buildSettings = {
				ALWAYS_EMBED_SWIFT_STANDARD_LIBRARIES = YES;
				BUNDLE_LOADER = "$(TEST_HOST)";
				CODE_SIGN_STYLE = Automatic;
				DEVELOPMENT_TEAM = LAM55QPQ5R;
				INFOPLIST_FILE = ParstagramTests/Info.plist;
				IPHONEOS_DEPLOYMENT_TARGET = 14.0;
				LD_RUNPATH_SEARCH_PATHS = (
					"$(inherited)",
					"@executable_path/Frameworks",
					"@loader_path/Frameworks",
				);
				PRODUCT_BUNDLE_IDENTIFIER = com.chialin.ParstagramTests;
				PRODUCT_NAME = "$(TARGET_NAME)";
				SWIFT_VERSION = 5.0;
				TARGETED_DEVICE_FAMILY = "1,2";
				TEST_HOST = "$(BUILT_PRODUCTS_DIR)/Parstagram.app/Parstagram";
			};
			name = Release;
		};
		DBDE5FD525410C10002B3442 /* Debug */ = {
			isa = XCBuildConfiguration;
			buildSettings = {
				ALWAYS_EMBED_SWIFT_STANDARD_LIBRARIES = YES;
				CODE_SIGN_STYLE = Automatic;
				DEVELOPMENT_TEAM = LAM55QPQ5R;
				INFOPLIST_FILE = ParstagramUITests/Info.plist;
				LD_RUNPATH_SEARCH_PATHS = (
					"$(inherited)",
					"@executable_path/Frameworks",
					"@loader_path/Frameworks",
				);
				PRODUCT_BUNDLE_IDENTIFIER = com.chialin.ParstagramUITests;
				PRODUCT_NAME = "$(TARGET_NAME)";
				SWIFT_VERSION = 5.0;
				TARGETED_DEVICE_FAMILY = "1,2";
				TEST_TARGET_NAME = Parstagram;
			};
			name = Debug;
		};
		DBDE5FD625410C10002B3442 /* Release */ = {
			isa = XCBuildConfiguration;
			buildSettings = {
				ALWAYS_EMBED_SWIFT_STANDARD_LIBRARIES = YES;
				CODE_SIGN_STYLE = Automatic;
				DEVELOPMENT_TEAM = LAM55QPQ5R;
				INFOPLIST_FILE = ParstagramUITests/Info.plist;
				LD_RUNPATH_SEARCH_PATHS = (
					"$(inherited)",
					"@executable_path/Frameworks",
					"@loader_path/Frameworks",
				);
				PRODUCT_BUNDLE_IDENTIFIER = com.chialin.ParstagramUITests;
				PRODUCT_NAME = "$(TARGET_NAME)";
				SWIFT_VERSION = 5.0;
				TARGETED_DEVICE_FAMILY = "1,2";
				TEST_TARGET_NAME = Parstagram;
			};
			name = Release;
		};
/* End XCBuildConfiguration section */

/* Begin XCConfigurationList section */
		DBDE5F9F25410C0D002B3442 /* Build configuration list for PBXProject "Parstagram" */ = {
			isa = XCConfigurationList;
			buildConfigurations = (
				DBDE5FCC25410C10002B3442 /* Debug */,
				DBDE5FCD25410C10002B3442 /* Release */,
			);
			defaultConfigurationIsVisible = 0;
			defaultConfigurationName = Release;
		};
		DBDE5FCE25410C10002B3442 /* Build configuration list for PBXNativeTarget "Parstagram" */ = {
			isa = XCConfigurationList;
			buildConfigurations = (
				DBDE5FCF25410C10002B3442 /* Debug */,
				DBDE5FD025410C10002B3442 /* Release */,
			);
			defaultConfigurationIsVisible = 0;
			defaultConfigurationName = Release;
		};
		DBDE5FD125410C10002B3442 /* Build configuration list for PBXNativeTarget "ParstagramTests" */ = {
			isa = XCConfigurationList;
			buildConfigurations = (
				DBDE5FD225410C10002B3442 /* Debug */,
				DBDE5FD325410C10002B3442 /* Release */,
			);
			defaultConfigurationIsVisible = 0;
			defaultConfigurationName = Release;
		};
		DBDE5FD425410C10002B3442 /* Build configuration list for PBXNativeTarget "ParstagramUITests" */ = {
			isa = XCConfigurationList;
			buildConfigurations = (
				DBDE5FD525410C10002B3442 /* Debug */,
				DBDE5FD625410C10002B3442 /* Release */,
			);
			defaultConfigurationIsVisible = 0;
			defaultConfigurationName = Release;
		};
/* End XCConfigurationList section */
	};
	rootObject = DBDE5F9C25410C0D002B3442 /* Project object */;
}
