// !$*UTF8*$!
{
	archiveVersion = 1;
	classes = {
	};
	objectVersion = 51;
	objects = {

/* Begin PBXBuildFile section */
		22C4A7CC301F7CDFA4994861 /* Pods_Parstagram.framework in Frameworks */ = {isa = PBXBuildFile; fileRef = 68BAA6F0F8D90DEDC751280D /* Pods_Parstagram.framework */; };
		A2C77CFCC8A9ABF9828807E4 /* Pods_Parstagram_ParstagramUITests.framework in Frameworks */ = {isa = PBXBuildFile; fileRef = 71B23EF972546E5E450F0F22 /* Pods_Parstagram_ParstagramUITests.framework */; };
		D9261B2FD09E8426C7C10433 /* Pods_ParstagramTests.framework in Frameworks */ = {isa = PBXBuildFile; fileRef = D485AC980E7B59524E38DBB2 /* Pods_ParstagramTests.framework */; };
		DBD2C76B254B8DC800BBDCF0 /* CommentCell.swift in Sources */ = {isa = PBXBuildFile; fileRef = DBD2C76A254B8DC800BBDCF0 /* CommentCell.swift */; };
		DBDE5FA825410C0D002B3442 /* AppDelegate.swift in Sources */ = {isa = PBXBuildFile; fileRef = DBDE5FA725410C0D002B3442 /* AppDelegate.swift */; };
		DBDE5FAA25410C0D002B3442 /* SceneDelegate.swift in Sources */ = {isa = PBXBuildFile; fileRef = DBDE5FA925410C0D002B3442 /* SceneDelegate.swift */; };
		DBDE5FAF25410C0D002B3442 /* Main.storyboard in Resources */ = {isa = PBXBuildFile; fileRef = DBDE5FAD25410C0D002B3442 /* Main.storyboard */; };
		DBDE5FB125410C10002B3442 /* Assets.xcassets in Resources */ = {isa = PBXBuildFile; fileRef = DBDE5FB025410C10002B3442 /* Assets.xcassets */; };
		DBDE5FB425410C10002B3442 /* LaunchScreen.storyboard in Resources */ = {isa = PBXBuildFile; fileRef = DBDE5FB225410C10002B3442 /* LaunchScreen.storyboard */; };
		DBDE5FBF25410C10002B3442 /* ParstagramTests.swift in Sources */ = {isa = PBXBuildFile; fileRef = DBDE5FBE25410C10002B3442 /* ParstagramTests.swift */; };
		DBDE5FCA25410C10002B3442 /* ParstagramUITests.swift in Sources */ = {isa = PBXBuildFile; fileRef = DBDE5FC925410C10002B3442 /* ParstagramUITests.swift */; };
		DBDE5FE725410DE9002B3442 /* LogInViewController.swift in Sources */ = {isa = PBXBuildFile; fileRef = DBDE5FE625410DE9002B3442 /* LogInViewController.swift */; };
		DBDE5FEC25410DF7002B3442 /* FeedViewController.swift in Sources */ = {isa = PBXBuildFile; fileRef = DBDE5FEB25410DF7002B3442 /* FeedViewController.swift */; };
		DBDE5FF1254115C0002B3442 /* CameraViewController.swift in Sources */ = {isa = PBXBuildFile; fileRef = DBDE5FF0254115C0002B3442 /* CameraViewController.swift */; };
		DBDE6001254216EF002B3442 /* PostCell.swift in Sources */ = {isa = PBXBuildFile; fileRef = DBDE6000254216EF002B3442 /* PostCell.swift */; };
/* End PBXBuildFile section */

/* Begin PBXContainerItemProxy section */
		DBDE5FBB25410C10002B3442 /* PBXContainerItemProxy */ = {
			isa = PBXContainerItemProxy;
			containerPortal = DBDE5F9C25410C0D002B3442 /* Project object */;
			proxyType = 1;
			remoteGlobalIDString = DBDE5FA325410C0D002B3442;
			remoteInfo = Parstagram;
		};
		DBDE5FC625410C10002B3442 /* PBXContainerItemProxy */ = {
			isa = PBXContainerItemProxy;
			containerPortal = DBDE5F9C25410C0D002B3442 /* Project object */;
			proxyType = 1;
			remoteGlobalIDString = DBDE5FA325410C0D002B3442;
			remoteInfo = Parstagram;
		};
/* End PBXContainerItemProxy section */

/* Begin PBXFileReference section */
		01055A43AD23F471DFC69A7D /* Pods-Parstagram.release.xcconfig */ = {isa = PBXFileReference; includeInIndex = 1; lastKnownFileType = text.xcconfig; name = "Pods-Parstagram.release.xcconfig"; path = "Target Support Files/Pods-Parstagram/Pods-Parstagram.release.xcconfig"; sourceTree = "<group>"; };
		1EA3ABEAD41C23434A04A161 /* Pods-Parstagram-ParstagramUITests.release.xcconfig */ = {isa = PBXFileReference; includeInIndex = 1; lastKnownFileType = text.xcconfig; name = "Pods-Parstagram-ParstagramUITests.release.xcconfig"; path = "Target Support Files/Pods-Parstagram-ParstagramUITests/Pods-Parstagram-ParstagramUITests.release.xcconfig"; sourceTree = "<group>"; };
		68BAA6F0F8D90DEDC751280D /* Pods_Parstagram.framework */ = {isa = PBXFileReference; explicitFileType = wrapper.framework; includeInIndex = 0; path = Pods_Parstagram.framework; sourceTree = BUILT_PRODUCTS_DIR; };
		71B23EF972546E5E450F0F22 /* Pods_Parstagram_ParstagramUITests.framework */ = {isa = PBXFileReference; explicitFileType = wrapper.framework; includeInIndex = 0; path = Pods_Parstagram_ParstagramUITests.framework; sourceTree = BUILT_PRODUCTS_DIR; };
		744558B146D6D18D19292F65 /* Pods-Parstagram.debug.xcconfig */ = {isa = PBXFileReference; includeInIndex = 1; lastKnownFileType = text.xcconfig; name = "Pods-Parstagram.debug.xcconfig"; path = "Target Support Files/Pods-Parstagram/Pods-Parstagram.debug.xcconfig"; sourceTree = "<group>"; };
		75D24F14BACF5C67E7452858 /* Pods-Parstagram-ParstagramUITests.debug.xcconfig */ = {isa = PBXFileReference; includeInIndex = 1; lastKnownFileType = text.xcconfig; name = "Pods-Parstagram-ParstagramUITests.debug.xcconfig"; path = "Target Support Files/Pods-Parstagram-ParstagramUITests/Pods-Parstagram-ParstagramUITests.debug.xcconfig"; sourceTree = "<group>"; };
		893512734F42A29BE4FC2946 /* Pods-ParstagramTests.release.xcconfig */ = {isa = PBXFileReference; includeInIndex = 1; lastKnownFileType = text.xcconfig; name = "Pods-ParstagramTests.release.xcconfig"; path = "Target Support Files/Pods-ParstagramTests/Pods-ParstagramTests.release.xcconfig"; sourceTree = "<group>"; };
		D485AC980E7B59524E38DBB2 /* Pods_ParstagramTests.framework */ = {isa = PBXFileReference; explicitFileType = wrapper.framework; includeInIndex = 0; path = Pods_ParstagramTests.framework; sourceTree = BUILT_PRODUCTS_DIR; };
		DBD2C76A254B8DC800BBDCF0 /* CommentCell.swift */ = {isa = PBXFileReference; lastKnownFileType = sourcecode.swift; path = CommentCell.swift; sourceTree = "<group>"; };
		DBDE5FA425410C0D002B3442 /* Parstagram.app */ = {isa = PBXFileReference; explicitFileType = wrapper.application; includeInIndex = 0; path = Parstagram.app; sourceTree = BUILT_PRODUCTS_DIR; };
		DBDE5FA725410C0D002B3442 /* AppDelegate.swift */ = {isa = PBXFileReference; lastKnownFileType = sourcecode.swift; path = AppDelegate.swift; sourceTree = "<group>"; };
		DBDE5FA925410C0D002B3442 /* SceneDelegate.swift */ = {isa = PBXFileReference; lastKnownFileType = sourcecode.swift; path = SceneDelegate.swift; sourceTree = "<group>"; };
		DBDE5FAE25410C0D002B3442 /* Base */ = {isa = PBXFileReference; lastKnownFileType = file.storyboard; name = Base; path = Base.lproj/Main.storyboard; sourceTree = "<group>"; };
		DBDE5FB025410C10002B3442 /* Assets.xcassets */ = {isa = PBXFileReference; lastKnownFileType = folder.assetcatalog; path = Assets.xcassets; sourceTree = "<group>"; };
		DBDE5FB325410C10002B3442 /* Base */ = {isa = PBXFileReference; lastKnownFileType = file.storyboard; name = Base; path = Base.lproj/LaunchScreen.storyboard; sourceTree = "<group>"; };
		DBDE5FB525410C10002B3442 /* Info.plist */ = {isa = PBXFileReference; lastKnownFileType = text.plist.xml; path = Info.plist; sourceTree = "<group>"; };
		DBDE5FBA25410C10002B3442 /* ParstagramTests.xctest */ = {isa = PBXFileReference; explicitFileType = wrapper.cfbundle; includeInIndex = 0; path = ParstagramTests.xctest; sourceTree = BUILT_PRODUCTS_DIR; };
		DBDE5FBE25410C10002B3442 /* ParstagramTests.swift */ = {isa = PBXFileReference; lastKnownFileType = sourcecode.swift; path = ParstagramTests.swift; sourceTree = "<group>"; };
		DBDE5FC025410C10002B3442 /* Info.plist */ = {isa = PBXFileReference; lastKnownFileType = text.plist.xml; path = Info.plist; sourceTree = "<group>"; };
		DBDE5FC525410C10002B3442 /* ParstagramUITests.xctest */ = {isa = PBXFileReference; explicitFileType = wrapper.cfbundle; includeInIndex = 0; path = ParstagramUITests.xctest; sourceTree = BUILT_PRODUCTS_DIR; };
		DBDE5FC925410C10002B3442 /* ParstagramUITests.swift */ = {isa = PBXFileReference; lastKnownFileType = sourcecode.swift; path = ParstagramUITests.swift; sourceTree = "<group>"; };
		DBDE5FCB25410C10002B3442 /* Info.plist */ = {isa = PBXFileReference; lastKnownFileType = text.plist.xml; path = Info.plist; sourceTree = "<group>"; };
		DBDE5FE625410DE9002B3442 /* LogInViewController.swift */ = {isa = PBXFileReference; lastKnownFileType = sourcecode.swift; path = LogInViewController.swift; sourceTree = "<group>"; };
		DBDE5FEB25410DF7002B3442 /* FeedViewController.swift */ = {isa = PBXFileReference; lastKnownFileType = sourcecode.swift; path = FeedViewController.swift; sourceTree = "<group>"; };
		DBDE5FF0254115C0002B3442 /* CameraViewController.swift */ = {isa = PBXFileReference; lastKnownFileType = sourcecode.swift; path = CameraViewController.swift; sourceTree = "<group>"; };
		DBDE6000254216EF002B3442 /* PostCell.swift */ = {isa = PBXFileReference; lastKnownFileType = sourcecode.swift; path = PostCell.swift; sourceTree = "<group>"; };
		F216E3856C4C743BA840C16A /* Pods-ParstagramTests.debug.xcconfig */ = {isa = PBXFileReference; includeInIndex = 1; lastKnownFileType = text.xcconfig; name = "Pods-ParstagramTests.debug.xcconfig"; path = "Target Support Files/Pods-ParstagramTests/Pods-ParstagramTests.debug.xcconfig"; sourceTree = "<group>"; };
/* End PBXFileReference section */

/* Begin PBXFrameworksBuildPhase section */
		DBDE5FA125410C0D002B3442 /* Frameworks */ = {
			isa = PBXFrameworksBuildPhase;
			buildActionMask = 2147483647;
			files = (
				22C4A7CC301F7CDFA4994861 /* Pods_Parstagram.framework in Frameworks */,
			);
			runOnlyForDeploymentPostprocessing = 0;
		};
		DBDE5FB725410C10002B3442 /* Frameworks */ = {
			isa = PBXFrameworksBuildPhase;
			buildActionMask = 2147483647;
			files = (
				D9261B2FD09E8426C7C10433 /* Pods_ParstagramTests.framework in Frameworks */,
			);
			runOnlyForDeploymentPostprocessing = 0;
		};
		DBDE5FC225410C10002B3442 /* Frameworks */ = {
			isa = PBXFrameworksBuildPhase;
			buildActionMask = 2147483647;
			files = (
				A2C77CFCC8A9ABF9828807E4 /* Pods_Parstagram_ParstagramUITests.framework in Frameworks */,
			);
			runOnlyForDeploymentPostprocessing = 0;
		};
/* End PBXFrameworksBuildPhase section */

/* Begin PBXGroup section */
		2231E190EE746198899B90E6 /* Frameworks */ = {
			isa = PBXGroup;
			children = (
				68BAA6F0F8D90DEDC751280D /* Pods_Parstagram.framework */,
				71B23EF972546E5E450F0F22 /* Pods_Parstagram_ParstagramUITests.framework */,
				D485AC980E7B59524E38DBB2 /* Pods_ParstagramTests.framework */,
			);
			name = Frameworks;
			sourceTree = "<group>";
		};
		70B2E08690DFA2B0ADDE8782 /* Pods */ = {
			isa = PBXGroup;
			children = (
				744558B146D6D18D19292F65 /* Pods-Parstagram.debug.xcconfig */,
				01055A43AD23F471DFC69A7D /* Pods-Parstagram.release.xcconfig */,
				75D24F14BACF5C67E7452858 /* Pods-Parstagram-ParstagramUITests.debug.xcconfig */,
				1EA3ABEAD41C23434A04A161 /* Pods-Parstagram-ParstagramUITests.release.xcconfig */,
				F216E3856C4C743BA840C16A /* Pods-ParstagramTests.debug.xcconfig */,
				893512734F42A29BE4FC2946 /* Pods-ParstagramTests.release.xcconfig */,
			);
			path = Pods;
			sourceTree = "<group>";
		};
		DBDE5F9B25410C0D002B3442 = {
			isa = PBXGroup;
			children = (
				DBDE5FA625410C0D002B3442 /* Parstagram */,
				DBDE5FBD25410C10002B3442 /* ParstagramTests */,
				DBDE5FC825410C10002B3442 /* ParstagramUITests */,
				DBDE5FA525410C0D002B3442 /* Products */,
				70B2E08690DFA2B0ADDE8782 /* Pods */,
				2231E190EE746198899B90E6 /* Frameworks */,
			);
			sourceTree = "<group>";
		};
		DBDE5FA525410C0D002B3442 /* Products */ = {
			isa = PBXGroup;
			children = (
				DBDE5FA425410C0D002B3442 /* Parstagram.app */,
				DBDE5FBA25410C10002B3442 /* ParstagramTests.xctest */,
				DBDE5FC525410C10002B3442 /* ParstagramUITests.xctest */,
			);
			name = Products;
			sourceTree = "<group>";
		};
		DBDE5FA625410C0D002B3442 /* Parstagram */ = {
			isa = PBXGroup;
			children = (
				DBDE5FA725410C0D002B3442 /* AppDelegate.swift */,
				DBDE5FA925410C0D002B3442 /* SceneDelegate.swift */,
				DBDE5FAD25410C0D002B3442 /* Main.storyboard */,
				DBD2C76A254B8DC800BBDCF0 /* CommentCell.swift */,
				DBDE6000254216EF002B3442 /* PostCell.swift */,
				DBDE5FF0254115C0002B3442 /* CameraViewController.swift */,
				DBDE5FE625410DE9002B3442 /* LogInViewController.swift */,
				DBDE5FEB25410DF7002B3442 /* FeedViewController.swift */,
				DBDE5FB025410C10002B3442 /* Assets.xcassets */,
				DBDE5FB225410C10002B3442 /* LaunchScreen.storyboard */,
				DBDE5FB525410C10002B3442 /* Info.plist */,
			);
			path = Parstagram;
			sourceTree = "<group>";
		};
		DBDE5FBD25410C10002B3442 /* ParstagramTests */ = {
			isa = PBXGroup;
			children = (
				DBDE5FBE25410C10002B3442 /* ParstagramTests.swift */,
				DBDE5FC025410C10002B3442 /* Info.plist */,
			);
			path = ParstagramTests;
			sourceTree = "<group>";
		};
		DBDE5FC825410C10002B3442 /* ParstagramUITests */ = {
			isa = PBXGroup;
			children = (
				DBDE5FC925410C10002B3442 /* ParstagramUITests.swift */,
				DBDE5FCB25410C10002B3442 /* Info.plist */,
			);
			path = ParstagramUITests;
			sourceTree = "<group>";
		};
/* End PBXGroup section */

/* Begin PBXNativeTarget section */
		DBDE5FA325410C0D002B3442 /* Parstagram */ = {
			isa = PBXNativeTarget;
			buildConfigurationList = DBDE5FCE25410C10002B3442 /* Build configuration list for PBXNativeTarget "Parstagram" */;
			buildPhases = (
				FA37A99F16D55024589C50F4 /* [CP] Check Pods Manifest.lock */,
				DBDE5FA025410C0D002B3442 /* Sources */,
				DBDE5FA125410C0D002B3442 /* Frameworks */,
				DBDE5FA225410C0D002B3442 /* Resources */,
				9D6A689C44AED6A89BEF551D /* [CP] Embed Pods Frameworks */,
			);
			buildRules = (
			);
			dependencies = (
			);
			name = Parstagram;
			productName = Parstagram;
			productReference = DBDE5FA425410C0D002B3442 /* Parstagram.app */;
			productType = "com.apple.product-type.application";
		};
		DBDE5FB925410C10002B3442 /* ParstagramTests */ = {
			isa = PBXNativeTarget;
			buildConfigurationList = DBDE5FD125410C10002B3442 /* Build configuration list for PBXNativeTarget "ParstagramTests" */;
			buildPhases = (
				C84FA07217C1DC4CFFF4C988 /* [CP] Check Pods Manifest.lock */,
				DBDE5FB625410C10002B3442 /* Sources */,
				DBDE5FB725410C10002B3442 /* Frameworks */,
				DBDE5FB825410C10002B3442 /* Resources */,
			);
			buildRules = (
			);
			dependencies = (
				DBDE5FBC25410C10002B3442 /* PBXTargetDependency */,
			);
			name = ParstagramTests;
			productName = ParstagramTests;
			productReference = DBDE5FBA25410C10002B3442 /* ParstagramTests.xctest */;
			productType = "com.apple.product-type.bundle.unit-test";
		};
		DBDE5FC425410C10002B3442 /* ParstagramUITests */ = {
			isa = PBXNativeTarget;
			buildConfigurationList = DBDE5FD425410C10002B3442 /* Build configuration list for PBXNativeTarget "ParstagramUITests" */;
			buildPhases = (
				E543900E32F068CD0F68F6DA /* [CP] Check Pods Manifest.lock */,
				DBDE5FC125410C10002B3442 /* Sources */,
				DBDE5FC225410C10002B3442 /* Frameworks */,
				DBDE5FC325410C10002B3442 /* Resources */,
				B7BC5F5CECF54F7C26873FE8 /* [CP] Embed Pods Frameworks */,
			);
			buildRules = (
			);
			dependencies = (
				DBDE5FC725410C10002B3442 /* PBXTargetDependency */,
			);
			name = ParstagramUITests;
			productName = ParstagramUITests;
			productReference = DBDE5FC525410C10002B3442 /* ParstagramUITests.xctest */;
			productType = "com.apple.product-type.bundle.ui-testing";
		};
/* End PBXNativeTarget section */

/* Begin PBXProject section */
		DBDE5F9C25410C0D002B3442 /* Project object */ = {
			isa = PBXProject;
			attributes = {
				LastSwiftUpdateCheck = 1200;
				LastUpgradeCheck = 1200;
				TargetAttributes = {
					DBDE5FA325410C0D002B3442 = {
						CreatedOnToolsVersion = 12.0.1;
					};
					DBDE5FB925410C10002B3442 = {
						CreatedOnToolsVersion = 12.0.1;
						TestTargetID = DBDE5FA325410C0D002B3442;
					};
					DBDE5FC425410C10002B3442 = {
						CreatedOnToolsVersion = 12.0.1;
						TestTargetID = DBDE5FA325410C0D002B3442;
					};
				};
			};
			buildConfigurationList = DBDE5F9F25410C0D002B3442 /* Build configuration list for PBXProject "Parstagram" */;
			compatibilityVersion = "Xcode 9.3";
			developmentRegion = en;
			hasScannedForEncodings = 0;
			knownRegions = (
				en,
				Base,
			);
			mainGroup = DBDE5F9B25410C0D002B3442;
			productRefGroup = DBDE5FA525410C0D002B3442 /* Products */;
			projectDirPath = "";
			projectRoot = "";
			targets = (
				DBDE5FA325410C0D002B3442 /* Parstagram */,
				DBDE5FB925410C10002B3442 /* ParstagramTests */,
				DBDE5FC425410C10002B3442 /* ParstagramUITests */,
			);
		};
/* End PBXProject section */

/* Begin PBXResourcesBuildPhase section */
		DBDE5FA225410C0D002B3442 /* Resources */ = {
			isa = PBXResourcesBuildPhase;
			buildActionMask = 2147483647;
			files = (
				DBDE5FB425410C10002B3442 /* LaunchScreen.storyboard in Resources */,
				DBDE5FB125410C10002B3442 /* Assets.xcassets in Resources */,
				DBDE5FAF25410C0D002B3442 /* Main.storyboard in Resources */,
			);
			runOnlyForDeploymentPostprocessing = 0;
		};
		DBDE5FB825410C10002B3442 /* Resources */ = {
			isa = PBXResourcesBuildPhase;
			buildActionMask = 2147483647;
			files = (
			);
			runOnlyForDeploymentPostprocessing = 0;
		};
		DBDE5FC325410C10002B3442 /* Resources */ = {
			isa = PBXResourcesBuildPhase;
			buildActionMask = 2147483647;
			files = (
			);
			runOnlyForDeploymentPostprocessing = 0;
		};
/* End PBXResourcesBuildPhase section */

/* Begin PBXShellScriptBuildPhase section */
		9D6A689C44AED6A89BEF551D /* [CP] Embed Pods Frameworks */ = {
			isa = PBXShellScriptBuildPhase;
			buildActionMask = 2147483647;
			files = (
			);
			inputFileListPaths = (
				"${PODS_ROOT}/Target Support Files/Pods-Parstagram/Pods-Parstagram-frameworks-${CONFIGURATION}-input-files.xcfilelist",
			);
			name = "[CP] Embed Pods Frameworks";
			outputFileListPaths = (
				"${PODS_ROOT}/Target Support Files/Pods-Parstagram/Pods-Parstagram-frameworks-${CONFIGURATION}-output-files.xcfilelist",
			);
			runOnlyForDeploymentPostprocessing = 0;
			shellPath = /bin/sh;
			shellScript = "\"${PODS_ROOT}/Target Support Files/Pods-Parstagram/Pods-Parstagram-frameworks.sh\"\n";
			showEnvVarsInLog = 0;
		};
		B7BC5F5CECF54F7C26873FE8 /* [CP] Embed Pods Frameworks */ = {
			isa = PBXShellScriptBuildPhase;
			buildActionMask = 2147483647;
			files = (
			);
			inputFileListPaths = (
				"${PODS_ROOT}/Target Support Files/Pods-Parstagram-ParstagramUITests/Pods-Parstagram-ParstagramUITests-frameworks-${CONFIGURATION}-input-files.xcfilelist",
			);
			name = "[CP] Embed Pods Frameworks";
			outputFileListPaths = (
				"${PODS_ROOT}/Target Support Files/Pods-Parstagram-ParstagramUITests/Pods-Parstagram-ParstagramUITests-frameworks-${CONFIGURATION}-output-files.xcfilelist",
			);
			runOnlyForDeploymentPostprocessing = 0;
			shellPath = /bin/sh;
			shellScript = "\"${PODS_ROOT}/Target Support Files/Pods-Parstagram-ParstagramUITests/Pods-Parstagram-ParstagramUITests-frameworks.sh\"\n";
			showEnvVarsInLog = 0;
		};
		C84FA07217C1DC4CFFF4C988 /* [CP] Check Pods Manifest.lock */ = {
			isa = PBXShellScriptBuildPhase;
			buildActionMask = 2147483647;
			files = (
			);
			inputFileListPaths = (
			);
			inputPaths = (
				"${PODS_PODFILE_DIR_PATH}/Podfile.lock",
				"${PODS_ROOT}/Manifest.lock",
			);
			name = "[CP] Check Pods Manifest.lock";
			outputFileListPaths = (
			);
			outputPaths = (
				"$(DERIVED_FILE_DIR)/Pods-ParstagramTests-checkManifestLockResult.txt",
			);
			runOnlyForDeploymentPostprocessing = 0;
			shellPath = /bin/sh;
			shellScript = "diff \"${PODS_PODFILE_DIR_PATH}/Podfile.lock\" \"${PODS_ROOT}/Manifest.lock\" > /dev/null\nif [ $? != 0 ] ; then\n    # print error to STDERR\n    echo \"error: The sandbox is not in sync with the Podfile.lock. Run 'pod install' or update your CocoaPods installation.\" >&2\n    exit 1\nfi\n# This output is used by Xcode 'outputs' to avoid re-running this script phase.\necho \"SUCCESS\" > \"${SCRIPT_OUTPUT_FILE_0}\"\n";
			showEnvVarsInLog = 0;
		};
		E543900E32F068CD0F68F6DA /* [CP] Check Pods Manifest.lock */ = {
			isa = PBXShellScriptBuildPhase;
			buildActionMask = 2147483647;
			files = (
			);
			inputFileListPaths = (
			);
			inputPaths = (
				"${PODS_PODFILE_DIR_PATH}/Podfile.lock",
				"${PODS_ROOT}/Manifest.lock",
			);
			name = "[CP] Check Pods Manifest.lock";
			outputFileListPaths = (
			);
			outputPaths = (
				"$(DERIVED_FILE_DIR)/Pods-Parstagram-ParstagramUITests-checkManifestLockResult.txt",
			);
			runOnlyForDeploymentPostprocessing = 0;
			shellPath = /bin/sh;
			shellScript = "diff \"${PODS_PODFILE_DIR_PATH}/Podfile.lock\" \"${PODS_ROOT}/Manifest.lock\" > /dev/null\nif [ $? != 0 ] ; then\n    # print error to STDERR\n    echo \"error: The sandbox is not in sync with the Podfile.lock. Run 'pod install' or update your CocoaPods installation.\" >&2\n    exit 1\nfi\n# This output is used by Xcode 'outputs' to avoid re-running this script phase.\necho \"SUCCESS\" > \"${SCRIPT_OUTPUT_FILE_0}\"\n";
			showEnvVarsInLog = 0;
		};
		FA37A99F16D55024589C50F4 /* [CP] Check Pods Manifest.lock */ = {
			isa = PBXShellScriptBuildPhase;
			buildActionMask = 2147483647;
			files = (
			);
			inputFileListPaths = (
			);
			inputPaths = (
				"${PODS_PODFILE_DIR_PATH}/Podfile.lock",
				"${PODS_ROOT}/Manifest.lock",
			);
			name = "[CP] Check Pods Manifest.lock";
			outputFileListPaths = (
			);
			outputPaths = (
				"$(DERIVED_FILE_DIR)/Pods-Parstagram-checkManifestLockResult.txt",
			);
			runOnlyForDeploymentPostprocessing = 0;
			shellPath = /bin/sh;
			shellScript = "diff \"${PODS_PODFILE_DIR_PATH}/Podfile.lock\" \"${PODS_ROOT}/Manifest.lock\" > /dev/null\nif [ $? != 0 ] ; then\n    # print error to STDERR\n    echo \"error: The sandbox is not in sync with the Podfile.lock. Run 'pod install' or update your CocoaPods installation.\" >&2\n    exit 1\nfi\n# This output is used by Xcode 'outputs' to avoid re-running this script phase.\necho \"SUCCESS\" > \"${SCRIPT_OUTPUT_FILE_0}\"\n";
			showEnvVarsInLog = 0;
		};
/* End PBXShellScriptBuildPhase section */

/* Begin PBXSourcesBuildPhase section */
		DBDE5FA025410C0D002B3442 /* Sources */ = {
			isa = PBXSourcesBuildPhase;
			buildActionMask = 2147483647;
			files = (
				DBDE5FA825410C0D002B3442 /* AppDelegate.swift in Sources */,
				DBDE5FF1254115C0002B3442 /* CameraViewController.swift in Sources */,
				DBDE5FAA25410C0D002B3442 /* SceneDelegate.swift in Sources */,
				DBDE5FEC25410DF7002B3442 /* FeedViewController.swift in Sources */,
				DBDE5FE725410DE9002B3442 /* LogInViewController.swift in Sources */,
				DBDE6001254216EF002B3442 /* PostCell.swift in Sources */,
				DBD2C76B254B8DC800BBDCF0 /* CommentCell.swift in Sources */,
			);
			runOnlyForDeploymentPostprocessing = 0;
		};
		DBDE5FB625410C10002B3442 /* Sources */ = {
			isa = PBXSourcesBuildPhase;
			buildActionMask = 2147483647;
			files = (
				DBDE5FBF25410C10002B3442 /* ParstagramTests.swift in Sources */,
			);
			runOnlyForDeploymentPostprocessing = 0;
		};
		DBDE5FC125410C10002B3442 /* Sources */ = {
			isa = PBXSourcesBuildPhase;
			buildActionMask = 2147483647;
			files = (
				DBDE5FCA25410C10002B3442 /* ParstagramUITests.swift in Sources */,
			);
			runOnlyForDeploymentPostprocessing = 0;
		};
/* End PBXSourcesBuildPhase section */

/* Begin PBXTargetDependency section */
		DBDE5FBC25410C10002B3442 /* PBXTargetDependency */ = {
			isa = PBXTargetDependency;
			target = DBDE5FA325410C0D002B3442 /* Parstagram */;
			targetProxy = DBDE5FBB25410C10002B3442 /* PBXContainerItemProxy */;
		};
		DBDE5FC725410C10002B3442 /* PBXTargetDependency */ = {
			isa = PBXTargetDependency;
			target = DBDE5FA325410C0D002B3442 /* Parstagram */;
			targetProxy = DBDE5FC625410C10002B3442 /* PBXContainerItemProxy */;
		};
/* End PBXTargetDependency section */

/* Begin PBXVariantGroup section */
		DBDE5FAD25410C0D002B3442 /* Main.storyboard */ = {
			isa = PBXVariantGroup;
			children = (
				DBDE5FAE25410C0D002B3442 /* Base */,
			);
			name = Main.storyboard;
			sourceTree = "<group>";
		};
		DBDE5FB225410C10002B3442 /* LaunchScreen.storyboard */ = {
			isa = PBXVariantGroup;
			children = (
				DBDE5FB325410C10002B3442 /* Base */,
			);
			name = LaunchScreen.storyboard;
			sourceTree = "<group>";
		};
/* End PBXVariantGroup section */

/* Begin XCBuildConfiguration section */
		DBDE5FCC25410C10002B3442 /* Debug */ = {
			isa = XCBuildConfiguration;
			buildSettings = {
				ALWAYS_SEARCH_USER_PATHS = NO;
				CLANG_ANALYZER_NONNULL = YES;
				CLANG_ANALYZER_NUMBER_OBJECT_CONVERSION = YES_AGGRESSIVE;
				CLANG_CXX_LANGUAGE_STANDARD = "gnu++14";
				CLANG_CXX_LIBRARY = "libc++";
				CLANG_ENABLE_MODULES = YES;
				CLANG_ENABLE_OBJC_ARC = YES;
				CLANG_ENABLE_OBJC_WEAK = YES;
				CLANG_WARN_BLOCK_CAPTURE_AUTORELEASING = YES;
				CLANG_WARN_BOOL_CONVERSION = YES;
				CLANG_WARN_COMMA = YES;
				CLANG_WARN_CONSTANT_CONVERSION = YES;
				CLANG_WARN_DEPRECATED_OBJC_IMPLEMENTATIONS = YES;
				CLANG_WARN_DIRECT_OBJC_ISA_USAGE = YES_ERROR;
				CLANG_WARN_DOCUMENTATION_COMMENTS = YES;
				CLANG_WARN_EMPTY_BODY = YES;
				CLANG_WARN_ENUM_CONVERSION = YES;
				CLANG_WARN_INFINITE_RECURSION = YES;
				CLANG_WARN_INT_CONVERSION = YES;
				CLANG_WARN_NON_LITERAL_NULL_CONVERSION = YES;
				CLANG_WARN_OBJC_IMPLICIT_RETAIN_SELF = YES;
				CLANG_WARN_OBJC_LITERAL_CONVERSION = YES;
				CLANG_WARN_OBJC_ROOT_CLASS = YES_ERROR;
				CLANG_WARN_QUOTED_INCLUDE_IN_FRAMEWORK_HEADER = YES;
				CLANG_WARN_RANGE_LOOP_ANALYSIS = YES;
				CLANG_WARN_STRICT_PROTOTYPES = YES;
				CLANG_WARN_SUSPICIOUS_MOVE = YES;
				CLANG_WARN_UNGUARDED_AVAILABILITY = YES_AGGRESSIVE;
				CLANG_WARN_UNREACHABLE_CODE = YES;
				CLANG_WARN__DUPLICATE_METHOD_MATCH = YES;
				COPY_PHASE_STRIP = NO;
				DEBUG_INFORMATION_FORMAT = dwarf;
				ENABLE_STRICT_OBJC_MSGSEND = YES;
				ENABLE_TESTABILITY = YES;
				GCC_C_LANGUAGE_STANDARD = gnu11;
				GCC_DYNAMIC_NO_PIC = NO;
				GCC_NO_COMMON_BLOCKS = YES;
				GCC_OPTIMIZATION_LEVEL = 0;
				GCC_PREPROCESSOR_DEFINITIONS = (
					"DEBUG=1",
					"$(inherited)",
				);
				GCC_WARN_64_TO_32_BIT_CONVERSION = YES;
				GCC_WARN_ABOUT_RETURN_TYPE = YES_ERROR;
				GCC_WARN_UNDECLARED_SELECTOR = YES;
				GCC_WARN_UNINITIALIZED_AUTOS = YES_AGGRESSIVE;
				GCC_WARN_UNUSED_FUNCTION = YES;
				GCC_WARN_UNUSED_VARIABLE = YES;
				IPHONEOS_DEPLOYMENT_TARGET = 14.0;
				MTL_ENABLE_DEBUG_INFO = INCLUDE_SOURCE;
				MTL_FAST_MATH = YES;
				ONLY_ACTIVE_ARCH = YES;
				SDKROOT = iphoneos;
				SWIFT_ACTIVE_COMPILATION_CONDITIONS = DEBUG;
				SWIFT_OPTIMIZATION_LEVEL = "-Onone";
			};
			name = Debug;
		};
		DBDE5FCD25410C10002B3442 /* Release */ = {
			isa = XCBuildConfiguration;
			buildSettings = {
				ALWAYS_SEARCH_USER_PATHS = NO;
				CLANG_ANALYZER_NONNULL = YES;
				CLANG_ANALYZER_NUMBER_OBJECT_CONVERSION = YES_AGGRESSIVE;
				CLANG_CXX_LANGUAGE_STANDARD = "gnu++14";
				CLANG_CXX_LIBRARY = "libc++";
				CLANG_ENABLE_MODULES = YES;
				CLANG_ENABLE_OBJC_ARC = YES;
				CLANG_ENABLE_OBJC_WEAK = YES;
				CLANG_WARN_BLOCK_CAPTURE_AUTORELEASING = YES;
				CLANG_WARN_BOOL_CONVERSION = YES;
				CLANG_WARN_COMMA = YES;
				CLANG_WARN_CONSTANT_CONVERSION = YES;
				CLANG_WARN_DEPRECATED_OBJC_IMPLEMENTATIONS = YES;
				CLANG_WARN_DIRECT_OBJC_ISA_USAGE = YES_ERROR;
				CLANG_WARN_DOCUMENTATION_COMMENTS = YES;
				CLANG_WARN_EMPTY_BODY = YES;
				CLANG_WARN_ENUM_CONVERSION = YES;
				CLANG_WARN_INFINITE_RECURSION = YES;
				CLANG_WARN_INT_CONVERSION = YES;
				CLANG_WARN_NON_LITERAL_NULL_CONVERSION = YES;
				CLANG_WARN_OBJC_IMPLICIT_RETAIN_SELF = YES;
				CLANG_WARN_OBJC_LITERAL_CONVERSION = YES;
				CLANG_WARN_OBJC_ROOT_CLASS = YES_ERROR;
				CLANG_WARN_QUOTED_INCLUDE_IN_FRAMEWORK_HEADER = YES;
				CLANG_WARN_RANGE_LOOP_ANALYSIS = YES;
				CLANG_WARN_STRICT_PROTOTYPES = YES;
				CLANG_WARN_SUSPICIOUS_MOVE = YES;
				CLANG_WARN_UNGUARDED_AVAILABILITY = YES_AGGRESSIVE;
				CLANG_WARN_UNREACHABLE_CODE = YES;
				CLANG_WARN__DUPLICATE_METHOD_MATCH = YES;
				COPY_PHASE_STRIP = NO;
				DEBUG_INFORMATION_FORMAT = "dwarf-with-dsym";
				ENABLE_NS_ASSERTIONS = NO;
				ENABLE_STRICT_OBJC_MSGSEND = YES;
				GCC_C_LANGUAGE_STANDARD = gnu11;
				GCC_NO_COMMON_BLOCKS = YES;
				GCC_WARN_64_TO_32_BIT_CONVERSION = YES;
				GCC_WARN_ABOUT_RETURN_TYPE = YES_ERROR;
				GCC_WARN_UNDECLARED_SELECTOR = YES;
				GCC_WARN_UNINITIALIZED_AUTOS = YES_AGGRESSIVE;
				GCC_WARN_UNUSED_FUNCTION = YES;
				GCC_WARN_UNUSED_VARIABLE = YES;
				IPHONEOS_DEPLOYMENT_TARGET = 14.0;
				MTL_ENABLE_DEBUG_INFO = NO;
				MTL_FAST_MATH = YES;
				SDKROOT = iphoneos;
				SWIFT_COMPILATION_MODE = wholemodule;
				SWIFT_OPTIMIZATION_LEVEL = "-O";
				VALIDATE_PRODUCT = YES;
			};
			name = Release;
		};
		DBDE5FCF25410C10002B3442 /* Debug */ = {
			isa = XCBuildConfiguration;
			baseConfigurationReference = 744558B146D6D18D19292F65 /* Pods-Parstagram.debug.xcconfig */;
			buildSettings = {
				ASSETCATALOG_COMPILER_APPICON_NAME = AppIcon;
				ASSETCATALOG_COMPILER_GLOBAL_ACCENT_COLOR_NAME = AccentColor;
				CODE_SIGN_STYLE = Automatic;
				DEVELOPMENT_TEAM = LAM55QPQ5R;
				INFOPLIST_FILE = Parstagram/Info.plist;
				LD_RUNPATH_SEARCH_PATHS = (
					"$(inherited)",
					"@executable_path/Frameworks",
				);
				PRODUCT_BUNDLE_IDENTIFIER = com.chialin.Parstagram;
				PRODUCT_NAME = "$(TARGET_NAME)";
				SWIFT_VERSION = 5.0;
				TARGETED_DEVICE_FAMILY = "1,2";
			};
			name = Debug;
		};
		DBDE5FD025410C10002B3442 /* Release */ = {
			isa = XCBuildConfiguration;
			baseConfigurationReference = 01055A43AD23F471DFC69A7D /* Pods-Parstagram.release.xcconfig */;
			buildSettings = {
				ASSETCATALOG_COMPILER_APPICON_NAME = AppIcon;
				ASSETCATALOG_COMPILER_GLOBAL_ACCENT_COLOR_NAME = AccentColor;
				CODE_SIGN_STYLE = Automatic;
				DEVELOPMENT_TEAM = LAM55QPQ5R;
				INFOPLIST_FILE = Parstagram/Info.plist;
				LD_RUNPATH_SEARCH_PATHS = (
					"$(inherited)",
					"@executable_path/Frameworks",
				);
				PRODUCT_BUNDLE_IDENTIFIER = com.chialin.Parstagram;
				PRODUCT_NAME = "$(TARGET_NAME)";
				SWIFT_VERSION = 5.0;
				TARGETED_DEVICE_FAMILY = "1,2";
			};
			name = Release;
		};
		DBDE5FD225410C10002B3442 /* Debug */ = {
			isa = XCBuildConfiguration;
			baseConfigurationReference = F216E3856C4C743BA840C16A /* Pods-ParstagramTests.debug.xcconfig */;
			buildSettings = {
				ALWAYS_EMBED_SWIFT_STANDARD_LIBRARIES = YES;
				BUNDLE_LOADER = "$(TEST_HOST)";
				CODE_SIGN_STYLE = Automatic;
				DEVELOPMENT_TEAM = LAM55QPQ5R;
				INFOPLIST_FILE = ParstagramTests/Info.plist;
				IPHONEOS_DEPLOYMENT_TARGET = 14.0;
				LD_RUNPATH_SEARCH_PATHS = (
					"$(inherited)",
					"@executable_path/Frameworks",
					"@loader_path/Frameworks",
				);
				PRODUCT_BUNDLE_IDENTIFIER = com.chialin.ParstagramTests;
				PRODUCT_NAME = "$(TARGET_NAME)";
				SWIFT_VERSION = 5.0;
				TARGETED_DEVICE_FAMILY = "1,2";
				TEST_HOST = "$(BUILT_PRODUCTS_DIR)/Parstagram.app/Parstagram";
			};
			name = Debug;
		};
		DBDE5FD325410C10002B3442 /* Release */ = {
			isa = XCBuildConfiguration;
			baseConfigurationReference = 893512734F42A29BE4FC2946 /* Pods-ParstagramTests.release.xcconfig */;
			buildSettings = {
				ALWAYS_EMBED_SWIFT_STANDARD_LIBRARIES = YES;
				BUNDLE_LOADER = "$(TEST_HOST)";
				CODE_SIGN_STYLE = Automatic;
				DEVELOPMENT_TEAM = LAM55QPQ5R;
				INFOPLIST_FILE = ParstagramTests/Info.plist;
				IPHONEOS_DEPLOYMENT_TARGET = 14.0;
				LD_RUNPATH_SEARCH_PATHS = (
					"$(inherited)",
					"@executable_path/Frameworks",
					"@loader_path/Frameworks",
				);
				PRODUCT_BUNDLE_IDENTIFIER = com.chialin.ParstagramTests;
				PRODUCT_NAME = "$(TARGET_NAME)";
				SWIFT_VERSION = 5.0;
				TARGETED_DEVICE_FAMILY = "1,2";
				TEST_HOST = "$(BUILT_PRODUCTS_DIR)/Parstagram.app/Parstagram";
			};
			name = Release;
		};
		DBDE5FD525410C10002B3442 /* Debug */ = {
			isa = XCBuildConfiguration;
			baseConfigurationReference = 75D24F14BACF5C67E7452858 /* Pods-Parstagram-ParstagramUITests.debug.xcconfig */;
			buildSettings = {
				ALWAYS_EMBED_SWIFT_STANDARD_LIBRARIES = YES;
				CODE_SIGN_STYLE = Automatic;
				DEVELOPMENT_TEAM = LAM55QPQ5R;
				INFOPLIST_FILE = ParstagramUITests/Info.plist;
				LD_RUNPATH_SEARCH_PATHS = (
					"$(inherited)",
					"@executable_path/Frameworks",
					"@loader_path/Frameworks",
				);
				PRODUCT_BUNDLE_IDENTIFIER = com.chialin.ParstagramUITests;
				PRODUCT_NAME = "$(TARGET_NAME)";
				SWIFT_VERSION = 5.0;
				TARGETED_DEVICE_FAMILY = "1,2";
				TEST_TARGET_NAME = Parstagram;
			};
			name = Debug;
		};
		DBDE5FD625410C10002B3442 /* Release */ = {
			isa = XCBuildConfiguration;
			baseConfigurationReference = 1EA3ABEAD41C23434A04A161 /* Pods-Parstagram-ParstagramUITests.release.xcconfig */;
			buildSettings = {
				ALWAYS_EMBED_SWIFT_STANDARD_LIBRARIES = YES;
				CODE_SIGN_STYLE = Automatic;
				DEVELOPMENT_TEAM = LAM55QPQ5R;
				INFOPLIST_FILE = ParstagramUITests/Info.plist;
				LD_RUNPATH_SEARCH_PATHS = (
					"$(inherited)",
					"@executable_path/Frameworks",
					"@loader_path/Frameworks",
				);
				PRODUCT_BUNDLE_IDENTIFIER = com.chialin.ParstagramUITests;
				PRODUCT_NAME = "$(TARGET_NAME)";
				SWIFT_VERSION = 5.0;
				TARGETED_DEVICE_FAMILY = "1,2";
				TEST_TARGET_NAME = Parstagram;
			};
			name = Release;
		};
/* End XCBuildConfiguration section */

/* Begin XCConfigurationList section */
		DBDE5F9F25410C0D002B3442 /* Build configuration list for PBXProject "Parstagram" */ = {
			isa = XCConfigurationList;
			buildConfigurations = (
				DBDE5FCC25410C10002B3442 /* Debug */,
				DBDE5FCD25410C10002B3442 /* Release */,
			);
			defaultConfigurationIsVisible = 0;
			defaultConfigurationName = Release;
		};
		DBDE5FCE25410C10002B3442 /* Build configuration list for PBXNativeTarget "Parstagram" */ = {
			isa = XCConfigurationList;
			buildConfigurations = (
				DBDE5FCF25410C10002B3442 /* Debug */,
				DBDE5FD025410C10002B3442 /* Release */,
			);
			defaultConfigurationIsVisible = 0;
			defaultConfigurationName = Release;
		};
		DBDE5FD125410C10002B3442 /* Build configuration list for PBXNativeTarget "ParstagramTests" */ = {
			isa = XCConfigurationList;
			buildConfigurations = (
				DBDE5FD225410C10002B3442 /* Debug */,
				DBDE5FD325410C10002B3442 /* Release */,
			);
			defaultConfigurationIsVisible = 0;
			defaultConfigurationName = Release;
		};
		DBDE5FD425410C10002B3442 /* Build configuration list for PBXNativeTarget "ParstagramUITests" */ = {
			isa = XCConfigurationList;
			buildConfigurations = (
				DBDE5FD525410C10002B3442 /* Debug */,
				DBDE5FD625410C10002B3442 /* Release */,
			);
			defaultConfigurationIsVisible = 0;
			defaultConfigurationName = Release;
		};
/* End XCConfigurationList section */
	};
	rootObject = DBDE5F9C25410C0D002B3442 /* Project object */;
}
